
Microsoft Visual Studio Solution File, Format Version 12.00
# Visual Studio Version 16
VisualStudioVersion = 16.0.31605.320
MinimumVisualStudioVersion = 10.0.40219.1
Project("{9A19103F-16F7-4668-BE54-9A1E7A4F7556}") = "API", "API\API.csproj", "{CA7ED175-9CB8-4E59-808F-638B2F347A86}"
EndProject
Project("{9A19103F-16F7-4668-BE54-9A1E7A4F7556}") = "Application", "Application\Application.csproj", "{D7BA8845-245B-489E-8A72-A7F727A0F5B5}"
EndProject
Project("{9A19103F-16F7-4668-BE54-9A1E7A4F7556}") = "Core", "Core\Core.csproj", "{60234225-804F-4288-BE77-0EA648823B46}"
EndProject
Project("{9A19103F-16F7-4668-BE54-9A1E7A4F7556}") = "Infrastructure", "Infrastructure\Infrastructure.csproj", "{35C37606-711A-400E-8747-E52AEEBD3241}"
EndProject
Global
	GlobalSection(SolutionConfigurationPlatforms) = preSolution
		Debug|Any CPU = Debug|Any CPU
		Release|Any CPU = Release|Any CPU
	EndGlobalSection
	GlobalSection(ProjectConfigurationPlatforms) = postSolution
		{CA7ED175-9CB8-4E59-808F-638B2F347A86}.Debug|Any CPU.ActiveCfg = Debug|Any CPU
		{CA7ED175-9CB8-4E59-808F-638B2F347A86}.Debug|Any CPU.Build.0 = Debug|Any CPU
		{CA7ED175-9CB8-4E59-808F-638B2F347A86}.Release|Any CPU.ActiveCfg = Release|Any CPU
		{CA7ED175-9CB8-4E59-808F-638B2F347A86}.Release|Any CPU.Build.0 = Release|Any CPU
		{D7BA8845-245B-489E-8A72-A7F727A0F5B5}.Debug|Any CPU.ActiveCfg = Debug|Any CPU
		{D7BA8845-245B-489E-8A72-A7F727A0F5B5}.Debug|Any CPU.Build.0 = Debug|Any CPU
		{D7BA8845-245B-489E-8A72-A7F727A0F5B5}.Release|Any CPU.ActiveCfg = Release|Any CPU
		{D7BA8845-245B-489E-8A72-A7F727A0F5B5}.Release|Any CPU.Build.0 = Release|Any CPU
		{60234225-804F-4288-BE77-0EA648823B46}.Debug|Any CPU.ActiveCfg = Debug|Any CPU
		{60234225-804F-4288-BE77-0EA648823B46}.Debug|Any CPU.Build.0 = Debug|Any CPU
		{60234225-804F-4288-BE77-0EA648823B46}.Release|Any CPU.ActiveCfg = Release|Any CPU
		{60234225-804F-4288-BE77-0EA648823B46}.Release|Any CPU.Build.0 = Release|Any CPU
		{35C37606-711A-400E-8747-E52AEEBD3241}.Debug|Any CPU.ActiveCfg = Debug|Any CPU
		{35C37606-711A-400E-8747-E52AEEBD3241}.Debug|Any CPU.Build.0 = Debug|Any CPU
		{35C37606-711A-400E-8747-E52AEEBD3241}.Release|Any CPU.ActiveCfg = Release|Any CPU
		{35C37606-711A-400E-8747-E52AEEBD3241}.Release|Any CPU.Build.0 = Release|Any CPU
	EndGlobalSection
	GlobalSection(SolutionProperties) = preSolution
		HideSolutionNode = FALSE
	EndGlobalSection
	GlobalSection(ExtensibilityGlobals) = postSolution
		SolutionGuid = {10FB7FF2-2E98-473E-B981-8B2B4D6AA984}
	EndGlobalSection
EndGlobal
